
Microsoft Visual Studio Solution File, Format Version 12.00
# Visual Studio Version 17
VisualStudioVersion = 17.2.32602.215
MinimumVisualStudioVersion = 10.0.40219.1
Project("{54A90642-561A-4BB1-A94E-469ADEE60C69}") = "elf-admin", "elf-admin.esproj", "{9B4163A9-C50A-4193-B83F-7A90EF250AE5}"
EndProject
Global
	GlobalSection(SolutionConfigurationPlatforms) = preSolution
		Debug|Any CPU = Debug|Any CPU
		Release|Any CPU = Release|Any CPU
	EndGlobalSection
	GlobalSection(ProjectConfigurationPlatforms) = postSolution
		{9B4163A9-C50A-4193-B83F-7A90EF250AE5}.Debug|Any CPU.ActiveCfg = Debug|Any CPU
		{9B4163A9-C50A-4193-B83F-7A90EF250AE5}.Debug|Any CPU.Build.0 = Debug|Any CPU
		{9B4163A9-C50A-4193-B83F-7A90EF250AE5}.Debug|Any CPU.Deploy.0 = Debug|Any CPU
		{9B4163A9-C50A-4193-B83F-7A90EF250AE5}.Release|Any CPU.ActiveCfg = Release|Any CPU
		{9B4163A9-C50A-4193-B83F-7A90EF250AE5}.Release|Any CPU.Build.0 = Release|Any CPU
		{9B4163A9-C50A-4193-B83F-7A90EF250AE5}.Release|Any CPU.Deploy.0 = Release|Any CPU
	EndGlobalSection
	GlobalSection(SolutionProperties) = preSolution
		HideSolutionNode = FALSE
	EndGlobalSection
	GlobalSection(ExtensibilityGlobals) = postSolution
		SolutionGuid = {8D6997DF-8F28-4B42-A1DB-6BAAFAF46BB5}
	EndGlobalSection
EndGlobal
